
Microsoft Visual Studio Solution File, Format Version 12.00
# Visual Studio Version 16
VisualStudioVersion = 16.0.30717.126
MinimumVisualStudioVersion = 10.0.40219.1
Project("{9A19103F-16F7-4668-BE54-9A1E7A4F7556}") = "Core", "Core\Core.csproj", "{66E22E8C-B6AB-45BB-80EE-0E4E1C77C0A1}"
EndProject
Project("{9A19103F-16F7-4668-BE54-9A1E7A4F7556}") = "WebAppAPI", "WebAppAPI\WebAppAPI.csproj", "{E647B7BD-F248-4B91-83AB-3301AB399F16}"
EndProject
Project("{FAE04EC0-301F-11D3-BF4B-00C04F79EFBC}") = "BusinessLayer", "BusinessLayer\BusinessLayer.csproj", "{875485A9-CD35-4C12-9D62-D12DDC8B9495}"
EndProject
Global
	GlobalSection(SolutionConfigurationPlatforms) = preSolution
		Debug|Any CPU = Debug|Any CPU
		Release|Any CPU = Release|Any CPU
	EndGlobalSection
	GlobalSection(ProjectConfigurationPlatforms) = postSolution
		{66E22E8C-B6AB-45BB-80EE-0E4E1C77C0A1}.Debug|Any CPU.ActiveCfg = Debug|Any CPU
		{66E22E8C-B6AB-45BB-80EE-0E4E1C77C0A1}.Debug|Any CPU.Build.0 = Debug|Any CPU
		{66E22E8C-B6AB-45BB-80EE-0E4E1C77C0A1}.Release|Any CPU.ActiveCfg = Release|Any CPU
		{66E22E8C-B6AB-45BB-80EE-0E4E1C77C0A1}.Release|Any CPU.Build.0 = Release|Any CPU
		{E647B7BD-F248-4B91-83AB-3301AB399F16}.Debug|Any CPU.ActiveCfg = Debug|Any CPU
		{E647B7BD-F248-4B91-83AB-3301AB399F16}.Debug|Any CPU.Build.0 = Debug|Any CPU
		{E647B7BD-F248-4B91-83AB-3301AB399F16}.Release|Any CPU.ActiveCfg = Release|Any CPU
		{E647B7BD-F248-4B91-83AB-3301AB399F16}.Release|Any CPU.Build.0 = Release|Any CPU
		{875485A9-CD35-4C12-9D62-D12DDC8B9495}.Debug|Any CPU.ActiveCfg = Debug|Any CPU
		{875485A9-CD35-4C12-9D62-D12DDC8B9495}.Debug|Any CPU.Build.0 = Debug|Any CPU
		{875485A9-CD35-4C12-9D62-D12DDC8B9495}.Release|Any CPU.ActiveCfg = Release|Any CPU
		{875485A9-CD35-4C12-9D62-D12DDC8B9495}.Release|Any CPU.Build.0 = Release|Any CPU
	EndGlobalSection
	GlobalSection(SolutionProperties) = preSolution
		HideSolutionNode = FALSE
	EndGlobalSection
	GlobalSection(ExtensibilityGlobals) = postSolution
		SolutionGuid = {3507270A-19C6-4082-9A95-DBD3A64D1DC0}
	EndGlobalSection
EndGlobal
